
Microsoft Visual Studio Solution File, Format Version 12.00
# Visual Studio 2012
Project("{FAE04EC0-301F-11D3-BF4B-00C04F79EFBC}") = "ClassDemo", "ClassDemo\ClassDemo.csproj", "{2B1037B6-1790-4950-9D2C-1ADC7C8288E4}"
EndProject
Project("{FAE04EC0-301F-11D3-BF4B-00C04F79EFBC}") = "ClassDemo.iOS", "iOS\ClassDemo.iOS.csproj", "{1BCD9A80-895C-4C68-988A-244FCD120D12}"
EndProject
Project("{FAE04EC0-301F-11D3-BF4B-00C04F79EFBC}") = "ClassDemo.Droid", "Droid\ClassDemo.Droid.csproj", "{03AC0A2E-DBDC-4495-B4A0-7D1F8E33AAD1}"
EndProject
Global
	GlobalSection(SolutionConfigurationPlatforms) = preSolution
		Debug|Any CPU = Debug|Any CPU
		Release|Any CPU = Release|Any CPU
		Debug|iPhoneSimulator = Debug|iPhoneSimulator
		Release|iPhone = Release|iPhone
		Release|iPhoneSimulator = Release|iPhoneSimulator
		Debug|iPhone = Debug|iPhone
	EndGlobalSection
	GlobalSection(ProjectConfigurationPlatforms) = postSolution
		{2B1037B6-1790-4950-9D2C-1ADC7C8288E4}.Debug|Any CPU.ActiveCfg = Debug|Any CPU
		{2B1037B6-1790-4950-9D2C-1ADC7C8288E4}.Debug|Any CPU.Build.0 = Debug|Any CPU
		{2B1037B6-1790-4950-9D2C-1ADC7C8288E4}.Release|Any CPU.ActiveCfg = Release|Any CPU
		{2B1037B6-1790-4950-9D2C-1ADC7C8288E4}.Release|Any CPU.Build.0 = Release|Any CPU
		{2B1037B6-1790-4950-9D2C-1ADC7C8288E4}.Debug|iPhoneSimulator.ActiveCfg = Debug|Any CPU
		{2B1037B6-1790-4950-9D2C-1ADC7C8288E4}.Debug|iPhoneSimulator.Build.0 = Debug|Any CPU
		{2B1037B6-1790-4950-9D2C-1ADC7C8288E4}.Release|iPhone.ActiveCfg = Release|Any CPU
		{2B1037B6-1790-4950-9D2C-1ADC7C8288E4}.Release|iPhone.Build.0 = Release|Any CPU
		{2B1037B6-1790-4950-9D2C-1ADC7C8288E4}.Release|iPhoneSimulator.ActiveCfg = Release|Any CPU
		{2B1037B6-1790-4950-9D2C-1ADC7C8288E4}.Release|iPhoneSimulator.Build.0 = Release|Any CPU
		{2B1037B6-1790-4950-9D2C-1ADC7C8288E4}.Debug|iPhone.ActiveCfg = Debug|Any CPU
		{2B1037B6-1790-4950-9D2C-1ADC7C8288E4}.Debug|iPhone.Build.0 = Debug|Any CPU
		{1BCD9A80-895C-4C68-988A-244FCD120D12}.Debug|Any CPU.ActiveCfg = Debug|iPhoneSimulator
		{1BCD9A80-895C-4C68-988A-244FCD120D12}.Debug|Any CPU.Build.0 = Debug|iPhoneSimulator
		{1BCD9A80-895C-4C68-988A-244FCD120D12}.Release|Any CPU.ActiveCfg = Release|iPhone
		{1BCD9A80-895C-4C68-988A-244FCD120D12}.Release|Any CPU.Build.0 = Release|iPhone
		{1BCD9A80-895C-4C68-988A-244FCD120D12}.Debug|iPhoneSimulator.ActiveCfg = Debug|iPhoneSimulator
		{1BCD9A80-895C-4C68-988A-244FCD120D12}.Debug|iPhoneSimulator.Build.0 = Debug|iPhoneSimulator
		{1BCD9A80-895C-4C68-988A-244FCD120D12}.Release|iPhone.ActiveCfg = Release|iPhone
		{1BCD9A80-895C-4C68-988A-244FCD120D12}.Release|iPhone.Build.0 = Release|iPhone
		{1BCD9A80-895C-4C68-988A-244FCD120D12}.Release|iPhoneSimulator.ActiveCfg = Release|iPhoneSimulator
		{1BCD9A80-895C-4C68-988A-244FCD120D12}.Release|iPhoneSimulator.Build.0 = Release|iPhoneSimulator
		{1BCD9A80-895C-4C68-988A-244FCD120D12}.Debug|iPhone.ActiveCfg = Debug|iPhone
		{1BCD9A80-895C-4C68-988A-244FCD120D12}.Debug|iPhone.Build.0 = Debug|iPhone
		{03AC0A2E-DBDC-4495-B4A0-7D1F8E33AAD1}.Debug|Any CPU.ActiveCfg = Debug|Any CPU
		{03AC0A2E-DBDC-4495-B4A0-7D1F8E33AAD1}.Debug|Any CPU.Build.0 = Debug|Any CPU
		{03AC0A2E-DBDC-4495-B4A0-7D1F8E33AAD1}.Release|Any CPU.ActiveCfg = Release|Any CPU
		{03AC0A2E-DBDC-4495-B4A0-7D1F8E33AAD1}.Release|Any CPU.Build.0 = Release|Any CPU
		{03AC0A2E-DBDC-4495-B4A0-7D1F8E33AAD1}.Debug|iPhoneSimulator.ActiveCfg = Debug|Any CPU
		{03AC0A2E-DBDC-4495-B4A0-7D1F8E33AAD1}.Debug|iPhoneSimulator.Build.0 = Debug|Any CPU
		{03AC0A2E-DBDC-4495-B4A0-7D1F8E33AAD1}.Release|iPhone.ActiveCfg = Release|Any CPU
		{03AC0A2E-DBDC-4495-B4A0-7D1F8E33AAD1}.Release|iPhone.Build.0 = Release|Any CPU
		{03AC0A2E-DBDC-4495-B4A0-7D1F8E33AAD1}.Release|iPhoneSimulator.ActiveCfg = Release|Any CPU
		{03AC0A2E-DBDC-4495-B4A0-7D1F8E33AAD1}.Release|iPhoneSimulator.Build.0 = Release|Any CPU
		{03AC0A2E-DBDC-4495-B4A0-7D1F8E33AAD1}.Debug|iPhone.ActiveCfg = Debug|Any CPU
		{03AC0A2E-DBDC-4495-B4A0-7D1F8E33AAD1}.Debug|iPhone.Build.0 = Debug|Any CPU
	EndGlobalSection
EndGlobal
