
Microsoft Visual Studio Solution File, Format Version 12.00
# Visual Studio 2012
Project("{FAE04EC0-301F-11D3-BF4B-00C04F79EFBC}") = "DemoLayout", "DemoLayout\DemoLayout.csproj", "{CE9030F7-204C-4AB7-8385-330AC3BDFC7A}"
EndProject
Project("{FAE04EC0-301F-11D3-BF4B-00C04F79EFBC}") = "DemoLayout.iOS", "iOS\DemoLayout.iOS.csproj", "{8F66BB2F-86E1-4C12-B984-4C4DC6025801}"
EndProject
Project("{FAE04EC0-301F-11D3-BF4B-00C04F79EFBC}") = "DemoLayout.Droid", "Droid\DemoLayout.Droid.csproj", "{547C6C5B-CA2D-4AC6-B783-99801C9BD32D}"
EndProject
Global
	GlobalSection(SolutionConfigurationPlatforms) = preSolution
		Debug|Any CPU = Debug|Any CPU
		Release|Any CPU = Release|Any CPU
		Debug|iPhoneSimulator = Debug|iPhoneSimulator
		Release|iPhone = Release|iPhone
		Release|iPhoneSimulator = Release|iPhoneSimulator
		Debug|iPhone = Debug|iPhone
	EndGlobalSection
	GlobalSection(ProjectConfigurationPlatforms) = postSolution
		{CE9030F7-204C-4AB7-8385-330AC3BDFC7A}.Debug|Any CPU.ActiveCfg = Debug|Any CPU
		{CE9030F7-204C-4AB7-8385-330AC3BDFC7A}.Debug|Any CPU.Build.0 = Debug|Any CPU
		{CE9030F7-204C-4AB7-8385-330AC3BDFC7A}.Release|Any CPU.ActiveCfg = Release|Any CPU
		{CE9030F7-204C-4AB7-8385-330AC3BDFC7A}.Release|Any CPU.Build.0 = Release|Any CPU
		{CE9030F7-204C-4AB7-8385-330AC3BDFC7A}.Debug|iPhoneSimulator.ActiveCfg = Debug|Any CPU
		{CE9030F7-204C-4AB7-8385-330AC3BDFC7A}.Debug|iPhoneSimulator.Build.0 = Debug|Any CPU
		{CE9030F7-204C-4AB7-8385-330AC3BDFC7A}.Release|iPhone.ActiveCfg = Release|Any CPU
		{CE9030F7-204C-4AB7-8385-330AC3BDFC7A}.Release|iPhone.Build.0 = Release|Any CPU
		{CE9030F7-204C-4AB7-8385-330AC3BDFC7A}.Release|iPhoneSimulator.ActiveCfg = Release|Any CPU
		{CE9030F7-204C-4AB7-8385-330AC3BDFC7A}.Release|iPhoneSimulator.Build.0 = Release|Any CPU
		{CE9030F7-204C-4AB7-8385-330AC3BDFC7A}.Debug|iPhone.ActiveCfg = Debug|Any CPU
		{CE9030F7-204C-4AB7-8385-330AC3BDFC7A}.Debug|iPhone.Build.0 = Debug|Any CPU
		{8F66BB2F-86E1-4C12-B984-4C4DC6025801}.Debug|Any CPU.ActiveCfg = Debug|iPhoneSimulator
		{8F66BB2F-86E1-4C12-B984-4C4DC6025801}.Debug|Any CPU.Build.0 = Debug|iPhoneSimulator
		{8F66BB2F-86E1-4C12-B984-4C4DC6025801}.Release|Any CPU.ActiveCfg = Release|iPhone
		{8F66BB2F-86E1-4C12-B984-4C4DC6025801}.Release|Any CPU.Build.0 = Release|iPhone
		{8F66BB2F-86E1-4C12-B984-4C4DC6025801}.Debug|iPhoneSimulator.ActiveCfg = Debug|iPhoneSimulator
		{8F66BB2F-86E1-4C12-B984-4C4DC6025801}.Debug|iPhoneSimulator.Build.0 = Debug|iPhoneSimulator
		{8F66BB2F-86E1-4C12-B984-4C4DC6025801}.Release|iPhone.ActiveCfg = Release|iPhone
		{8F66BB2F-86E1-4C12-B984-4C4DC6025801}.Release|iPhone.Build.0 = Release|iPhone
		{8F66BB2F-86E1-4C12-B984-4C4DC6025801}.Release|iPhoneSimulator.ActiveCfg = Release|iPhoneSimulator
		{8F66BB2F-86E1-4C12-B984-4C4DC6025801}.Release|iPhoneSimulator.Build.0 = Release|iPhoneSimulator
		{8F66BB2F-86E1-4C12-B984-4C4DC6025801}.Debug|iPhone.ActiveCfg = Debug|iPhone
		{8F66BB2F-86E1-4C12-B984-4C4DC6025801}.Debug|iPhone.Build.0 = Debug|iPhone
		{547C6C5B-CA2D-4AC6-B783-99801C9BD32D}.Debug|Any CPU.ActiveCfg = Debug|Any CPU
		{547C6C5B-CA2D-4AC6-B783-99801C9BD32D}.Debug|Any CPU.Build.0 = Debug|Any CPU
		{547C6C5B-CA2D-4AC6-B783-99801C9BD32D}.Release|Any CPU.ActiveCfg = Release|Any CPU
		{547C6C5B-CA2D-4AC6-B783-99801C9BD32D}.Release|Any CPU.Build.0 = Release|Any CPU
		{547C6C5B-CA2D-4AC6-B783-99801C9BD32D}.Debug|iPhoneSimulator.ActiveCfg = Debug|Any CPU
		{547C6C5B-CA2D-4AC6-B783-99801C9BD32D}.Debug|iPhoneSimulator.Build.0 = Debug|Any CPU
		{547C6C5B-CA2D-4AC6-B783-99801C9BD32D}.Release|iPhone.ActiveCfg = Release|Any CPU
		{547C6C5B-CA2D-4AC6-B783-99801C9BD32D}.Release|iPhone.Build.0 = Release|Any CPU
		{547C6C5B-CA2D-4AC6-B783-99801C9BD32D}.Release|iPhoneSimulator.ActiveCfg = Release|Any CPU
		{547C6C5B-CA2D-4AC6-B783-99801C9BD32D}.Release|iPhoneSimulator.Build.0 = Release|Any CPU
		{547C6C5B-CA2D-4AC6-B783-99801C9BD32D}.Debug|iPhone.ActiveCfg = Debug|Any CPU
		{547C6C5B-CA2D-4AC6-B783-99801C9BD32D}.Debug|iPhone.Build.0 = Debug|Any CPU
	EndGlobalSection
EndGlobal
