
Microsoft Visual Studio Solution File, Format Version 12.00
# Visual Studio 2012
Project("{FAE04EC0-301F-11D3-BF4B-00C04F79EFBC}") = "ExerciseImage", "ExerciseImage\ExerciseImage.csproj", "{4206FB67-D3D2-4950-BD65-72AE8F6B96C7}"
EndProject
Project("{FAE04EC0-301F-11D3-BF4B-00C04F79EFBC}") = "ExerciseImage.iOS", "iOS\ExerciseImage.iOS.csproj", "{7555A738-825F-49A4-A106-BA5F1F702771}"
EndProject
Project("{FAE04EC0-301F-11D3-BF4B-00C04F79EFBC}") = "ExerciseImage.Droid", "Droid\ExerciseImage.Droid.csproj", "{C8C5CA0D-2337-4185-937C-9C5F398FB89C}"
EndProject
Global
	GlobalSection(SolutionConfigurationPlatforms) = preSolution
		Debug|Any CPU = Debug|Any CPU
		Release|Any CPU = Release|Any CPU
		Debug|iPhoneSimulator = Debug|iPhoneSimulator
		Release|iPhone = Release|iPhone
		Release|iPhoneSimulator = Release|iPhoneSimulator
		Debug|iPhone = Debug|iPhone
	EndGlobalSection
	GlobalSection(ProjectConfigurationPlatforms) = postSolution
		{4206FB67-D3D2-4950-BD65-72AE8F6B96C7}.Debug|Any CPU.ActiveCfg = Debug|Any CPU
		{4206FB67-D3D2-4950-BD65-72AE8F6B96C7}.Debug|Any CPU.Build.0 = Debug|Any CPU
		{4206FB67-D3D2-4950-BD65-72AE8F6B96C7}.Release|Any CPU.ActiveCfg = Release|Any CPU
		{4206FB67-D3D2-4950-BD65-72AE8F6B96C7}.Release|Any CPU.Build.0 = Release|Any CPU
		{4206FB67-D3D2-4950-BD65-72AE8F6B96C7}.Debug|iPhoneSimulator.ActiveCfg = Debug|Any CPU
		{4206FB67-D3D2-4950-BD65-72AE8F6B96C7}.Debug|iPhoneSimulator.Build.0 = Debug|Any CPU
		{4206FB67-D3D2-4950-BD65-72AE8F6B96C7}.Release|iPhone.ActiveCfg = Release|Any CPU
		{4206FB67-D3D2-4950-BD65-72AE8F6B96C7}.Release|iPhone.Build.0 = Release|Any CPU
		{4206FB67-D3D2-4950-BD65-72AE8F6B96C7}.Release|iPhoneSimulator.ActiveCfg = Release|Any CPU
		{4206FB67-D3D2-4950-BD65-72AE8F6B96C7}.Release|iPhoneSimulator.Build.0 = Release|Any CPU
		{4206FB67-D3D2-4950-BD65-72AE8F6B96C7}.Debug|iPhone.ActiveCfg = Debug|Any CPU
		{4206FB67-D3D2-4950-BD65-72AE8F6B96C7}.Debug|iPhone.Build.0 = Debug|Any CPU
		{7555A738-825F-49A4-A106-BA5F1F702771}.Debug|Any CPU.ActiveCfg = Debug|iPhoneSimulator
		{7555A738-825F-49A4-A106-BA5F1F702771}.Debug|Any CPU.Build.0 = Debug|iPhoneSimulator
		{7555A738-825F-49A4-A106-BA5F1F702771}.Release|Any CPU.ActiveCfg = Release|iPhone
		{7555A738-825F-49A4-A106-BA5F1F702771}.Release|Any CPU.Build.0 = Release|iPhone
		{7555A738-825F-49A4-A106-BA5F1F702771}.Debug|iPhoneSimulator.ActiveCfg = Debug|iPhoneSimulator
		{7555A738-825F-49A4-A106-BA5F1F702771}.Debug|iPhoneSimulator.Build.0 = Debug|iPhoneSimulator
		{7555A738-825F-49A4-A106-BA5F1F702771}.Release|iPhone.ActiveCfg = Release|iPhone
		{7555A738-825F-49A4-A106-BA5F1F702771}.Release|iPhone.Build.0 = Release|iPhone
		{7555A738-825F-49A4-A106-BA5F1F702771}.Release|iPhoneSimulator.ActiveCfg = Release|iPhoneSimulator
		{7555A738-825F-49A4-A106-BA5F1F702771}.Release|iPhoneSimulator.Build.0 = Release|iPhoneSimulator
		{7555A738-825F-49A4-A106-BA5F1F702771}.Debug|iPhone.ActiveCfg = Debug|iPhone
		{7555A738-825F-49A4-A106-BA5F1F702771}.Debug|iPhone.Build.0 = Debug|iPhone
		{C8C5CA0D-2337-4185-937C-9C5F398FB89C}.Debug|Any CPU.ActiveCfg = Debug|Any CPU
		{C8C5CA0D-2337-4185-937C-9C5F398FB89C}.Debug|Any CPU.Build.0 = Debug|Any CPU
		{C8C5CA0D-2337-4185-937C-9C5F398FB89C}.Release|Any CPU.ActiveCfg = Release|Any CPU
		{C8C5CA0D-2337-4185-937C-9C5F398FB89C}.Release|Any CPU.Build.0 = Release|Any CPU
		{C8C5CA0D-2337-4185-937C-9C5F398FB89C}.Debug|iPhoneSimulator.ActiveCfg = Debug|Any CPU
		{C8C5CA0D-2337-4185-937C-9C5F398FB89C}.Debug|iPhoneSimulator.Build.0 = Debug|Any CPU
		{C8C5CA0D-2337-4185-937C-9C5F398FB89C}.Release|iPhone.ActiveCfg = Release|Any CPU
		{C8C5CA0D-2337-4185-937C-9C5F398FB89C}.Release|iPhone.Build.0 = Release|Any CPU
		{C8C5CA0D-2337-4185-937C-9C5F398FB89C}.Release|iPhoneSimulator.ActiveCfg = Release|Any CPU
		{C8C5CA0D-2337-4185-937C-9C5F398FB89C}.Release|iPhoneSimulator.Build.0 = Release|Any CPU
		{C8C5CA0D-2337-4185-937C-9C5F398FB89C}.Debug|iPhone.ActiveCfg = Debug|Any CPU
		{C8C5CA0D-2337-4185-937C-9C5F398FB89C}.Debug|iPhone.Build.0 = Debug|Any CPU
	EndGlobalSection
EndGlobal
